// !$*UTF8*$!
{
	archiveVersion = 1;
	classes = {
	};
	objectVersion = 46;
	objects = {

/* Begin PBXBuildFile section */
		2796EBC1186EB664005ABFB0 /* weather.c in Sources */ = {isa = PBXBuildFile; fileRef = 2796EBC0186EB664005ABFB0 /* weather.c */; };
		27BF660918750B6B0075ABB4 /* utils.c in Sources */ = {isa = PBXBuildFile; fileRef = 27BF660818750B6B0075ABB4 /* utils.c */; };
		27CDBDBB186B5A3C00CA2913 /* libpebble.a in Frameworks */ = {isa = PBXBuildFile; fileRef = 27CDBDBA186B5A3C00CA2913 /* libpebble.a */; };
		27D6231F186C1A5000A9653B /* pebble-js-app.js in Sources */ = {isa = PBXBuildFile; fileRef = 27D6231A186C1A5000A9653B /* pebble-js-app.js */; };
		27D62320186C1A5000A9653B /* main.c in Sources */ = {isa = PBXBuildFile; fileRef = 27D6231B186C1A5000A9653B /* main.c */; };
		27D62326186EAFBD00A9653B /* preferences.c in Sources */ = {isa = PBXBuildFile; fileRef = 27D62325186EAFBD00A9653B /* preferences.c */; };
/* End PBXBuildFile section */

/* Begin PBXCopyFilesBuildPhase section */
		27CDBD79186B598E00CA2913 /* CopyFiles */ = {
			isa = PBXCopyFilesBuildPhase;
			buildActionMask = 2147483647;
			dstPath = /usr/share/man/man1/;
			dstSubfolderSpec = 0;
			files = (
			);
			runOnlyForDeploymentPostprocessing = 1;
		};
/* End PBXCopyFilesBuildPhase section */

/* Begin PBXFileReference section */
		2796EBBE186EB5A1005ABFB0 /* config.h */ = {isa = PBXFileReference; lastKnownFileType = sourcecode.c.h; path = config.h; sourceTree = "<group>"; };
		2796EBBF186EB65D005ABFB0 /* weather.h */ = {isa = PBXFileReference; lastKnownFileType = sourcecode.c.h; path = weather.h; sourceTree = "<group>"; };
		2796EBC0186EB664005ABFB0 /* weather.c */ = {isa = PBXFileReference; fileEncoding = 4; lastKnownFileType = sourcecode.c.c; path = weather.c; sourceTree = "<group>"; };
		27BF65D71872A4F60075ABB4 /* menu-icon.png */ = {isa = PBXFileReference; lastKnownFileType = image.png; path = "menu-icon.png"; sourceTree = "<group>"; };
		27BF65D81872A4F60075ABB4 /* phone-error.png */ = {isa = PBXFileReference; lastKnownFileType = image.png; path = "phone-error.png"; sourceTree = "<group>"; };
		27BF65DA1872A4F60075ABB4 /* battery-0.png */ = {isa = PBXFileReference; lastKnownFileType = image.png; path = "battery-0.png"; sourceTree = "<group>"; };
		27BF65DB1872A4F60075ABB4 /* battery-100.png */ = {isa = PBXFileReference; lastKnownFileType = image.png; path = "battery-100.png"; sourceTree = "<group>"; };
		27BF65DC1872A4F60075ABB4 /* battery-19.png */ = {isa = PBXFileReference; lastKnownFileType = image.png; path = "battery-19.png"; sourceTree = "<group>"; };
		27BF65DD1872A4F60075ABB4 /* battery-28.png */ = {isa = PBXFileReference; lastKnownFileType = image.png; path = "battery-28.png"; sourceTree = "<group>"; };
		27BF65DE1872A4F60075ABB4 /* battery-37.png */ = {isa = PBXFileReference; lastKnownFileType = image.png; path = "battery-37.png"; sourceTree = "<group>"; };
		27BF65DF1872A4F60075ABB4 /* battery-46.png */ = {isa = PBXFileReference; lastKnownFileType = image.png; path = "battery-46.png"; sourceTree = "<group>"; };
		27BF65E01872A4F60075ABB4 /* battery-55.png */ = {isa = PBXFileReference; lastKnownFileType = image.png; path = "battery-55.png"; sourceTree = "<group>"; };
		27BF65E11872A4F60075ABB4 /* battery-64.png */ = {isa = PBXFileReference; lastKnownFileType = image.png; path = "battery-64.png"; sourceTree = "<group>"; };
		27BF65E21872A4F60075ABB4 /* battery-73.png */ = {isa = PBXFileReference; lastKnownFileType = image.png; path = "battery-73.png"; sourceTree = "<group>"; };
		27BF65E31872A4F60075ABB4 /* battery-82.png */ = {isa = PBXFileReference; lastKnownFileType = image.png; path = "battery-82.png"; sourceTree = "<group>"; };
		27BF65E41872A4F60075ABB4 /* battery-9.png */ = {isa = PBXFileReference; lastKnownFileType = image.png; path = "battery-9.png"; sourceTree = "<group>"; };
		27BF65E51872A4F60075ABB4 /* battery-91.png */ = {isa = PBXFileReference; lastKnownFileType = image.png; path = "battery-91.png"; sourceTree = "<group>"; };
		27BF65E61872A4F60075ABB4 /* charged.png */ = {isa = PBXFileReference; lastKnownFileType = image.png; path = charged.png; sourceTree = "<group>"; };
		27BF65E71872A4F60075ABB4 /* charging-0.png */ = {isa = PBXFileReference; lastKnownFileType = image.png; path = "charging-0.png"; sourceTree = "<group>"; };
		27BF65E81872A4F60075ABB4 /* charging-100.png */ = {isa = PBXFileReference; lastKnownFileType = image.png; path = "charging-100.png"; sourceTree = "<group>"; };
		27BF65E91872A4F60075ABB4 /* charging-19.png */ = {isa = PBXFileReference; lastKnownFileType = image.png; path = "charging-19.png"; sourceTree = "<group>"; };
		27BF65EA1872A4F60075ABB4 /* charging-28.png */ = {isa = PBXFileReference; lastKnownFileType = image.png; path = "charging-28.png"; sourceTree = "<group>"; };
		27BF65EB1872A4F60075ABB4 /* charging-37.png */ = {isa = PBXFileReference; lastKnownFileType = image.png; path = "charging-37.png"; sourceTree = "<group>"; };
		27BF65EC1872A4F60075ABB4 /* charging-46.png */ = {isa = PBXFileReference; lastKnownFileType = image.png; path = "charging-46.png"; sourceTree = "<group>"; };
		27BF65ED1872A4F60075ABB4 /* charging-55.png */ = {isa = PBXFileReference; lastKnownFileType = image.png; path = "charging-55.png"; sourceTree = "<group>"; };
		27BF65EE1872A4F60075ABB4 /* charging-64.png */ = {isa = PBXFileReference; lastKnownFileType = image.png; path = "charging-64.png"; sourceTree = "<group>"; };
		27BF65EF1872A4F60075ABB4 /* charging-73.png */ = {isa = PBXFileReference; lastKnownFileType = image.png; path = "charging-73.png"; sourceTree = "<group>"; };
		27BF65F01872A4F60075ABB4 /* charging-82.png */ = {isa = PBXFileReference; lastKnownFileType = image.png; path = "charging-82.png"; sourceTree = "<group>"; };
		27BF65F11872A4F60075ABB4 /* charging-9.png */ = {isa = PBXFileReference; lastKnownFileType = image.png; path = "charging-9.png"; sourceTree = "<group>"; };
		27BF65F21872A4F60075ABB4 /* charging-91.png */ = {isa = PBXFileReference; lastKnownFileType = image.png; path = "charging-91.png"; sourceTree = "<group>"; };
		27BF65F41872A4F60075ABB4 /* clear-day.png */ = {isa = PBXFileReference; lastKnownFileType = image.png; path = "clear-day.png"; sourceTree = "<group>"; };
		27BF65F51872A4F60075ABB4 /* clear-night.png */ = {isa = PBXFileReference; lastKnownFileType = image.png; path = "clear-night.png"; sourceTree = "<group>"; };
		27BF65F61872A4F60075ABB4 /* cloudy.png */ = {isa = PBXFileReference; lastKnownFileType = image.png; path = cloudy.png; sourceTree = "<group>"; };
		27BF65F71872A4F60075ABB4 /* cold.png */ = {isa = PBXFileReference; lastKnownFileType = image.png; path = cold.png; sourceTree = "<group>"; };
		27BF65F81872A4F60075ABB4 /* drizzle.png */ = {isa = PBXFileReference; lastKnownFileType = image.png; path = drizzle.png; sourceTree = "<group>"; };
		27BF65F91872A4F60075ABB4 /* fog.png */ = {isa = PBXFileReference; lastKnownFileType = image.png; path = fog.png; sourceTree = "<group>"; };
		27BF65FA1872A4F60075ABB4 /* hot.png */ = {isa = PBXFileReference; lastKnownFileType = image.png; path = hot.png; sourceTree = "<group>"; };
		27BF65FB1872A4F60075ABB4 /* partly-cloudy-day.png */ = {isa = PBXFileReference; lastKnownFileType = image.png; path = "partly-cloudy-day.png"; sourceTree = "<group>"; };
		27BF65FC1872A4F60075ABB4 /* partly-cloudy-night.png */ = {isa = PBXFileReference; lastKnownFileType = image.png; path = "partly-cloudy-night.png"; sourceTree = "<group>"; };
		27BF65FD1872A4F60075ABB4 /* rain-sleet.png */ = {isa = PBXFileReference; lastKnownFileType = image.png; path = "rain-sleet.png"; sourceTree = "<group>"; };
		27BF65FE1872A4F60075ABB4 /* rain-snow.png */ = {isa = PBXFileReference; lastKnownFileType = image.png; path = "rain-snow.png"; sourceTree = "<group>"; };
		27BF65FF1872A4F60075ABB4 /* rain.png */ = {isa = PBXFileReference; lastKnownFileType = image.png; path = rain.png; sourceTree = "<group>"; };
		27BF66001872A4F60075ABB4 /* sleet.png */ = {isa = PBXFileReference; lastKnownFileType = image.png; path = sleet.png; sourceTree = "<group>"; };
		27BF66011872A4F60075ABB4 /* snow-sleet.png */ = {isa = PBXFileReference; lastKnownFileType = image.png; path = "snow-sleet.png"; sourceTree = "<group>"; };
		27BF66021872A4F60075ABB4 /* snow.png */ = {isa = PBXFileReference; lastKnownFileType = image.png; path = snow.png; sourceTree = "<group>"; };
		27BF66031872A4F60075ABB4 /* thunder.png */ = {isa = PBXFileReference; lastKnownFileType = image.png; path = thunder.png; sourceTree = "<group>"; };
		27BF66041872A4F60075ABB4 /* wind.png */ = {isa = PBXFileReference; lastKnownFileType = image.png; path = wind.png; sourceTree = "<group>"; };
		27BF660718750B390075ABB4 /* utils.h */ = {isa = PBXFileReference; lastKnownFileType = sourcecode.c.h; path = utils.h; sourceTree = "<group>"; };
		27BF660818750B6B0075ABB4 /* utils.c */ = {isa = PBXFileReference; fileEncoding = 4; lastKnownFileType = sourcecode.c.c; path = utils.c; sourceTree = "<group>"; };
		27CDBD7B186B598E00CA2913 /* futura_weather_redux */ = {isa = PBXFileReference; explicitFileType = "compiled.mach-o.executable"; includeInIndex = 0; path = futura_weather_redux; sourceTree = BUILT_PRODUCTS_DIR; };
		27CDBDBA186B5A3C00CA2913 /* libpebble.a */ = {isa = PBXFileReference; lastKnownFileType = archive.ar; name = libpebble.a; path = "../../../../../.pebble/PebbleSDK-2.0-BETA4/Pebble/lib/libpebble.a"; sourceTree = "<group>"; };
		27D622CC186C1A5000A9653B /* appinfo.json */ = {isa = PBXFileReference; fileEncoding = 4; lastKnownFileType = text.json; path = appinfo.json; sourceTree = "<group>"; usesTabs = 1; };
		27D622FD186C1A5000A9653B /* futura.ttf */ = {isa = PBXFileReference; lastKnownFileType = file; path = futura.ttf; sourceTree = "<group>"; };
		27D622FE186C1A5000A9653B /* futura_condensed_bold-webfont.ttf */ = {isa = PBXFileReference; lastKnownFileType = file; path = "futura_condensed_bold-webfont.ttf"; sourceTree = "<group>"; };
		27D62302186C1A5000A9653B /* cloud-error.png */ = {isa = PBXFileReference; lastKnownFileType = image.png; path = "cloud-error.png"; sourceTree = "<group>"; };
		27D62308186C1A5000A9653B /* loading1.png */ = {isa = PBXFileReference; lastKnownFileType = image.png; path = loading1.png; sourceTree = "<group>"; };
		27D62309186C1A5000A9653B /* loading2.png */ = {isa = PBXFileReference; lastKnownFileType = image.png; path = loading2.png; sourceTree = "<group>"; };
		27D6230A186C1A5000A9653B /* loading3.png */ = {isa = PBXFileReference; lastKnownFileType = image.png; path = loading3.png; sourceTree = "<group>"; };
		27D6231A186C1A5000A9653B /* pebble-js-app.js */ = {isa = PBXFileReference; fileEncoding = 4; lastKnownFileType = sourcecode.javascript; path = "pebble-js-app.js"; sourceTree = "<group>"; };
		27D6231B186C1A5000A9653B /* main.c */ = {isa = PBXFileReference; fileEncoding = 4; lastKnownFileType = sourcecode.c.c; path = main.c; sourceTree = "<group>"; };
		27D62321186EA1EE00A9653B /* main.h */ = {isa = PBXFileReference; lastKnownFileType = sourcecode.c.h; path = main.h; sourceTree = "<group>"; };
		27D62322186EAFA500A9653B /* preferences.h */ = {isa = PBXFileReference; lastKnownFileType = sourcecode.c.h; path = preferences.h; sourceTree = "<group>"; };
		27D62325186EAFBD00A9653B /* preferences.c */ = {isa = PBXFileReference; fileEncoding = 4; lastKnownFileType = sourcecode.c.c; path = preferences.c; sourceTree = "<group>"; };
/* End PBXFileReference section */

/* Begin PBXFrameworksBuildPhase section */
		27CDBD78186B598E00CA2913 /* Frameworks */ = {
			isa = PBXFrameworksBuildPhase;
			buildActionMask = 2147483647;
			files = (
				27CDBDBB186B5A3C00CA2913 /* libpebble.a in Frameworks */,
			);
			runOnlyForDeploymentPostprocessing = 0;
		};
/* End PBXFrameworksBuildPhase section */

/* Begin PBXGroup section */
		27BF65D91872A4F60075ABB4 /* statusbar */ = {
			isa = PBXGroup;
			children = (
				27BF65DA1872A4F60075ABB4 /* battery-0.png */,
				27BF65DB1872A4F60075ABB4 /* battery-100.png */,
				27BF65DC1872A4F60075ABB4 /* battery-19.png */,
				27BF65DD1872A4F60075ABB4 /* battery-28.png */,
				27BF65DE1872A4F60075ABB4 /* battery-37.png */,
				27BF65DF1872A4F60075ABB4 /* battery-46.png */,
				27BF65E01872A4F60075ABB4 /* battery-55.png */,
				27BF65E11872A4F60075ABB4 /* battery-64.png */,
				27BF65E21872A4F60075ABB4 /* battery-73.png */,
				27BF65E31872A4F60075ABB4 /* battery-82.png */,
				27BF65E41872A4F60075ABB4 /* battery-9.png */,
				27BF65E51872A4F60075ABB4 /* battery-91.png */,
				27BF65E61872A4F60075ABB4 /* charged.png */,
				27BF65E71872A4F60075ABB4 /* charging-0.png */,
				27BF65E81872A4F60075ABB4 /* charging-100.png */,
				27BF65E91872A4F60075ABB4 /* charging-19.png */,
				27BF65EA1872A4F60075ABB4 /* charging-28.png */,
				27BF65EB1872A4F60075ABB4 /* charging-37.png */,
				27BF65EC1872A4F60075ABB4 /* charging-46.png */,
				27BF65ED1872A4F60075ABB4 /* charging-55.png */,
				27BF65EE1872A4F60075ABB4 /* charging-64.png */,
				27BF65EF1872A4F60075ABB4 /* charging-73.png */,
				27BF65F01872A4F60075ABB4 /* charging-82.png */,
				27BF65F11872A4F60075ABB4 /* charging-9.png */,
				27BF65F21872A4F60075ABB4 /* charging-91.png */,
			);
			path = statusbar;
			sourceTree = "<group>";
		};
		27BF65F31872A4F60075ABB4 /* weather */ = {
			isa = PBXGroup;
			children = (
				27BF65F41872A4F60075ABB4 /* clear-day.png */,
				27BF65F51872A4F60075ABB4 /* clear-night.png */,
				27BF65F61872A4F60075ABB4 /* cloudy.png */,
				27BF65F71872A4F60075ABB4 /* cold.png */,
				27BF65F81872A4F60075ABB4 /* drizzle.png */,
				27BF65F91872A4F60075ABB4 /* fog.png */,
				27BF65FA1872A4F60075ABB4 /* hot.png */,
				27BF65FB1872A4F60075ABB4 /* partly-cloudy-day.png */,
				27BF65FC1872A4F60075ABB4 /* partly-cloudy-night.png */,
				27BF65FD1872A4F60075ABB4 /* rain-sleet.png */,
				27BF65FE1872A4F60075ABB4 /* rain-snow.png */,
				27BF65FF1872A4F60075ABB4 /* rain.png */,
				27BF66001872A4F60075ABB4 /* sleet.png */,
				27BF66011872A4F60075ABB4 /* snow-sleet.png */,
				27BF66021872A4F60075ABB4 /* snow.png */,
				27BF66031872A4F60075ABB4 /* thunder.png */,
				27BF66041872A4F60075ABB4 /* wind.png */,
			);
			path = weather;
			sourceTree = "<group>";
		};
		27CDBD72186B598E00CA2913 = {
			isa = PBXGroup;
			children = (
				27CDBDBA186B5A3C00CA2913 /* libpebble.a */,
				27D622CA186C1A5000A9653B /* futura_weather_redux */,
				27CDBD7C186B598E00CA2913 /* Products */,
			);
			sourceTree = "<group>";
		};
		27CDBD7C186B598E00CA2913 /* Products */ = {
			isa = PBXGroup;
			children = (
				27CDBD7B186B598E00CA2913 /* futura_weather_redux */,
			);
			name = Products;
			sourceTree = "<group>";
		};
		27D622CA186C1A5000A9653B /* futura_weather_redux */ = {
			isa = PBXGroup;
			children = (
				27D622CC186C1A5000A9653B /* appinfo.json */,
				27D622FB186C1A5000A9653B /* resources */,
				27D62318186C1A5000A9653B /* src */,
			);
			path = futura_weather_redux;
			sourceTree = "<group>";
		};
		27D622FB186C1A5000A9653B /* resources */ = {
			isa = PBXGroup;
			children = (
				27D622FC186C1A5000A9653B /* fonts */,
				27D622FF186C1A5000A9653B /* images */,
			);
			path = resources;
			sourceTree = "<group>";
		};
		27D622FC186C1A5000A9653B /* fonts */ = {
			isa = PBXGroup;
			children = (
				27D622FD186C1A5000A9653B /* futura.ttf */,
				27D622FE186C1A5000A9653B /* futura_condensed_bold-webfont.ttf */,
			);
			path = fonts;
			sourceTree = "<group>";
		};
		27D622FF186C1A5000A9653B /* images */ = {
			isa = PBXGroup;
			children = (
				27BF65D91872A4F60075ABB4 /* statusbar */,
				27BF65F31872A4F60075ABB4 /* weather */,
				27BF65D71872A4F60075ABB4 /* menu-icon.png */,
				27BF65D81872A4F60075ABB4 /* phone-error.png */,
				27D62302186C1A5000A9653B /* cloud-error.png */,
				27D62308186C1A5000A9653B /* loading1.png */,
				27D62309186C1A5000A9653B /* loading2.png */,
				27D6230A186C1A5000A9653B /* loading3.png */,
			);
			path = images;
			sourceTree = "<group>";
		};
		27D62318186C1A5000A9653B /* src */ = {
			isa = PBXGroup;
			children = (
				27D62319186C1A5000A9653B /* js */,
				2796EBBE186EB5A1005ABFB0 /* config.h */,
				27BF660718750B390075ABB4 /* utils.h */,
				27BF660818750B6B0075ABB4 /* utils.c */,
				27D6231B186C1A5000A9653B /* main.c */,
				27D62321186EA1EE00A9653B /* main.h */,
				27D62325186EAFBD00A9653B /* preferences.c */,
				27D62322186EAFA500A9653B /* preferences.h */,
				2796EBC0186EB664005ABFB0 /* weather.c */,
				2796EBBF186EB65D005ABFB0 /* weather.h */,
			);
			path = src;
			sourceTree = "<group>";
		};
		27D62319186C1A5000A9653B /* js */ = {
			isa = PBXGroup;
			children = (
				27D6231A186C1A5000A9653B /* pebble-js-app.js */,
			);
			path = js;
			sourceTree = "<group>";
		};
/* End PBXGroup section */

/* Begin PBXNativeTarget section */
		27CDBD7A186B598E00CA2913 /* futura_weather_redux */ = {
			isa = PBXNativeTarget;
			buildConfigurationList = 27CDBD84186B598E00CA2913 /* Build configuration list for PBXNativeTarget "futura_weather_redux" */;
			buildPhases = (
				27CDBD77186B598E00CA2913 /* Sources */,
				27CDBD78186B598E00CA2913 /* Frameworks */,
				27CDBD79186B598E00CA2913 /* CopyFiles */,
			);
			buildRules = (
			);
			dependencies = (
			);
			name = futura_weather_redux;
			productName = futura_weather_black;
			productReference = 27CDBD7B186B598E00CA2913 /* futura_weather_redux */;
			productType = "com.apple.product-type.tool";
		};
/* End PBXNativeTarget section */

/* Begin PBXProject section */
		27CDBD73186B598E00CA2913 /* Project object */ = {
			isa = PBXProject;
			attributes = {
				LastUpgradeCheck = 0500;
				ORGANIZATIONNAME = "Kyle Lacy";
			};
			buildConfigurationList = 27CDBD76186B598E00CA2913 /* Build configuration list for PBXProject "futura_weather_redux" */;
			compatibilityVersion = "Xcode 3.2";
			developmentRegion = English;
			hasScannedForEncodings = 0;
			knownRegions = (
				en,
			);
			mainGroup = 27CDBD72186B598E00CA2913;
			productRefGroup = 27CDBD7C186B598E00CA2913 /* Products */;
			projectDirPath = "";
			projectRoot = "";
			targets = (
				27CDBD7A186B598E00CA2913 /* futura_weather_redux */,
			);
		};
/* End PBXProject section */

/* Begin PBXSourcesBuildPhase section */
		27CDBD77186B598E00CA2913 /* Sources */ = {
			isa = PBXSourcesBuildPhase;
			buildActionMask = 2147483647;
			files = (
				27BF660918750B6B0075ABB4 /* utils.c in Sources */,
				27D62326186EAFBD00A9653B /* preferences.c in Sources */,
				27D6231F186C1A5000A9653B /* pebble-js-app.js in Sources */,
				2796EBC1186EB664005ABFB0 /* weather.c in Sources */,
				27D62320186C1A5000A9653B /* main.c in Sources */,
			);
			runOnlyForDeploymentPostprocessing = 0;
		};
/* End PBXSourcesBuildPhase section */

/* Begin XCBuildConfiguration section */
		27CDBD82186B598E00CA2913 /* Debug */ = {
			isa = XCBuildConfiguration;
			buildSettings = {
				ALWAYS_SEARCH_USER_PATHS = NO;
				CLANG_CXX_LANGUAGE_STANDARD = "gnu++0x";
				CLANG_CXX_LIBRARY = "libc++";
				CLANG_ENABLE_OBJC_ARC = YES;
				CLANG_WARN_BOOL_CONVERSION = YES;
				CLANG_WARN_CONSTANT_CONVERSION = YES;
				CLANG_WARN_DIRECT_OBJC_ISA_USAGE = YES_ERROR;
				CLANG_WARN_EMPTY_BODY = YES;
				CLANG_WARN_ENUM_CONVERSION = YES;
				CLANG_WARN_INT_CONVERSION = YES;
				CLANG_WARN_OBJC_ROOT_CLASS = YES_ERROR;
				CLANG_WARN__DUPLICATE_METHOD_MATCH = YES;
				COPY_PHASE_STRIP = NO;
				GCC_C_LANGUAGE_STANDARD = gnu99;
				GCC_DYNAMIC_NO_PIC = NO;
				GCC_ENABLE_OBJC_EXCEPTIONS = YES;
				GCC_OPTIMIZATION_LEVEL = 0;
				GCC_PREPROCESSOR_DEFINITIONS = (
					"DEBUG=1",
					"$(inherited)",
				);
				GCC_SYMBOLS_PRIVATE_EXTERN = NO;
				GCC_WARN_64_TO_32_BIT_CONVERSION = YES;
				GCC_WARN_ABOUT_RETURN_TYPE = YES_ERROR;
				GCC_WARN_UNDECLARED_SELECTOR = YES;
				GCC_WARN_UNINITIALIZED_AUTOS = YES;
				GCC_WARN_UNUSED_FUNCTION = YES;
				GCC_WARN_UNUSED_VARIABLE = YES;
				MACOSX_DEPLOYMENT_TARGET = 10.9;
				ONLY_ACTIVE_ARCH = YES;
				SDKROOT = macosx;
			};
			name = Debug;
		};
		27CDBD83186B598E00CA2913 /* Release */ = {
			isa = XCBuildConfiguration;
			buildSettings = {
				ALWAYS_SEARCH_USER_PATHS = NO;
				CLANG_CXX_LANGUAGE_STANDARD = "gnu++0x";
				CLANG_CXX_LIBRARY = "libc++";
				CLANG_ENABLE_OBJC_ARC = YES;
				CLANG_WARN_BOOL_CONVERSION = YES;
				CLANG_WARN_CONSTANT_CONVERSION = YES;
				CLANG_WARN_DIRECT_OBJC_ISA_USAGE = YES_ERROR;
				CLANG_WARN_EMPTY_BODY = YES;
				CLANG_WARN_ENUM_CONVERSION = YES;
				CLANG_WARN_INT_CONVERSION = YES;
				CLANG_WARN_OBJC_ROOT_CLASS = YES_ERROR;
				CLANG_WARN__DUPLICATE_METHOD_MATCH = YES;
				COPY_PHASE_STRIP = YES;
				DEBUG_INFORMATION_FORMAT = "dwarf-with-dsym";
				ENABLE_NS_ASSERTIONS = NO;
				GCC_C_LANGUAGE_STANDARD = gnu99;
				GCC_ENABLE_OBJC_EXCEPTIONS = YES;
				GCC_WARN_64_TO_32_BIT_CONVERSION = YES;
				GCC_WARN_ABOUT_RETURN_TYPE = YES_ERROR;
				GCC_WARN_UNDECLARED_SELECTOR = YES;
				GCC_WARN_UNINITIALIZED_AUTOS = YES;
				GCC_WARN_UNUSED_FUNCTION = YES;
				GCC_WARN_UNUSED_VARIABLE = YES;
				MACOSX_DEPLOYMENT_TARGET = 10.9;
				SDKROOT = macosx;
			};
			name = Release;
		};
		27CDBD85186B598E00CA2913 /* Debug */ = {
			isa = XCBuildConfiguration;
			buildSettings = {
				HEADER_SEARCH_PATHS = (
					"$(inherited)",
					"$HOME/.pebble/PebbleSDK-2.0-BETA4/Pebble/include",
				);
				LIBRARY_SEARCH_PATHS = (
					"$(inherited)",
					"/Users/kyle/.pebble/PebbleSDK-2.0-BETA4/Pebble/lib",
				);
				PRODUCT_NAME = futura_weather_redux;
				USER_HEADER_SEARCH_PATHS = "\"$(SRCROOT)/$(PRODUCT_NAME)/build\"";
			};
			name = Debug;
		};
		27CDBD86186B598E00CA2913 /* Release */ = {
			isa = XCBuildConfiguration;
			buildSettings = {
				HEADER_SEARCH_PATHS = (
					"$(inherited)",
					"$HOME/.pebble/PebbleSDK-2.0-BETA4/Pebble/include",
				);
				LIBRARY_SEARCH_PATHS = (
					"$(inherited)",
					"/Users/kyle/.pebble/PebbleSDK-2.0-BETA4/Pebble/lib",
				);
				PRODUCT_NAME = futura_weather_redux;
				USER_HEADER_SEARCH_PATHS = "\"$(SRCROOT)/$(PRODUCT_NAME)/build\"";
			};
			name = Release;
		};
/* End XCBuildConfiguration section */

/* Begin XCConfigurationList section */
		27CDBD76186B598E00CA2913 /* Build configuration list for PBXProject "futura_weather_redux" */ = {
			isa = XCConfigurationList;
			buildConfigurations = (
				27CDBD82186B598E00CA2913 /* Debug */,
				27CDBD83186B598E00CA2913 /* Release */,
			);
			defaultConfigurationIsVisible = 0;
			defaultConfigurationName = Release;
		};
		27CDBD84186B598E00CA2913 /* Build configuration list for PBXNativeTarget "futura_weather_redux" */ = {
			isa = XCConfigurationList;
			buildConfigurations = (
				27CDBD85186B598E00CA2913 /* Debug */,
				27CDBD86186B598E00CA2913 /* Release */,
			);
			defaultConfigurationIsVisible = 0;
			defaultConfigurationName = Release;
		};
/* End XCConfigurationList section */
	};
	rootObject = 27CDBD73186B598E00CA2913 /* Project object */;
}
